
Microsoft Visual Studio Solution File, Format Version 12.00
# Visual Studio Version 17
VisualStudioVersion = 17.13.35828.75 d17.13
MinimumVisualStudioVersion = 10.0.40219.1
Project("{FAE04EC0-301F-11D3-BF4B-00C04F79EFBC}") = "FirstTask", "FirstTask\FirstTask.csproj", "{FDCCB55A-F4B6-4750-A169-583868A59CD5}"
EndProject
Project("{FAE04EC0-301F-11D3-BF4B-00C04F79EFBC}") = "SecondTask", "SecondTask\SecondTask.csproj", "{7A3AB79F-7F36-40C9-A0E0-3CD7A6377782}"
EndProject
Project("{FAE04EC0-301F-11D3-BF4B-00C04F79EFBC}") = "ThirdTask", "ThirdTask\ThirdTask.csproj", "{68312323-45A7-41E4-B043-8BC49E748012}"
EndProject
Project("{FAE04EC0-301F-11D3-BF4B-00C04F79EFBC}") = "FourthTask", "FourthTask\FourthTask.csproj", "{2DD362A1-C1E5-4E0F-908C-7D98EE7A263E}"
EndProject
Global
	GlobalSection(SolutionConfigurationPlatforms) = preSolution
		Debug|Any CPU = Debug|Any CPU
		Release|Any CPU = Release|Any CPU
	EndGlobalSection
	GlobalSection(ProjectConfigurationPlatforms) = postSolution
		{FDCCB55A-F4B6-4750-A169-583868A59CD5}.Debug|Any CPU.ActiveCfg = Debug|Any CPU
		{FDCCB55A-F4B6-4750-A169-583868A59CD5}.Debug|Any CPU.Build.0 = Debug|Any CPU
		{FDCCB55A-F4B6-4750-A169-583868A59CD5}.Release|Any CPU.ActiveCfg = Release|Any CPU
		{FDCCB55A-F4B6-4750-A169-583868A59CD5}.Release|Any CPU.Build.0 = Release|Any CPU
		{7A3AB79F-7F36-40C9-A0E0-3CD7A6377782}.Debug|Any CPU.ActiveCfg = Debug|Any CPU
		{7A3AB79F-7F36-40C9-A0E0-3CD7A6377782}.Debug|Any CPU.Build.0 = Debug|Any CPU
		{7A3AB79F-7F36-40C9-A0E0-3CD7A6377782}.Release|Any CPU.ActiveCfg = Release|Any CPU
		{7A3AB79F-7F36-40C9-A0E0-3CD7A6377782}.Release|Any CPU.Build.0 = Release|Any CPU
		{68312323-45A7-41E4-B043-8BC49E748012}.Debug|Any CPU.ActiveCfg = Debug|Any CPU
		{68312323-45A7-41E4-B043-8BC49E748012}.Debug|Any CPU.Build.0 = Debug|Any CPU
		{68312323-45A7-41E4-B043-8BC49E748012}.Release|Any CPU.ActiveCfg = Release|Any CPU
		{68312323-45A7-41E4-B043-8BC49E748012}.Release|Any CPU.Build.0 = Release|Any CPU
		{2DD362A1-C1E5-4E0F-908C-7D98EE7A263E}.Debug|Any CPU.ActiveCfg = Debug|Any CPU
		{2DD362A1-C1E5-4E0F-908C-7D98EE7A263E}.Debug|Any CPU.Build.0 = Debug|Any CPU
		{2DD362A1-C1E5-4E0F-908C-7D98EE7A263E}.Release|Any CPU.ActiveCfg = Release|Any CPU
		{2DD362A1-C1E5-4E0F-908C-7D98EE7A263E}.Release|Any CPU.Build.0 = Release|Any CPU
	EndGlobalSection
	GlobalSection(SolutionProperties) = preSolution
		HideSolutionNode = FALSE
	EndGlobalSection
	GlobalSection(ExtensibilityGlobals) = postSolution
		SolutionGuid = {9BFE13FD-0D7F-4562-AE18-BE283CCB3CE6}
	EndGlobalSection
EndGlobal
