
Microsoft Visual Studio Solution File, Format Version 12.00
# Visual Studio Version 17
VisualStudioVersion = 17.13.35828.75 d17.13
MinimumVisualStudioVersion = 10.0.40219.1
Project("{FAE04EC0-301F-11D3-BF4B-00C04F79EFBC}") = "FirstTask", "FirstTask\FirstTask.csproj", "{CAF1FF58-3990-4065-9FCA-C54C88DE289D}"
EndProject
Project("{FAE04EC0-301F-11D3-BF4B-00C04F79EFBC}") = "SecondTask", "SecondTask\SecondTask.csproj", "{4BE62575-B03D-4D7E-B3FB-E00ACC5B77F1}"
EndProject
Project("{FAE04EC0-301F-11D3-BF4B-00C04F79EFBC}") = "ThirdTask", "ThirdTask\ThirdTask.csproj", "{04D32AA9-BE05-47D2-92EA-63055953E285}"
EndProject
Project("{FAE04EC0-301F-11D3-BF4B-00C04F79EFBC}") = "FourthTask", "FourthTask\FourthTask.csproj", "{807908CF-C57D-47AE-87C4-6BA65FB9412F}"
EndProject
Global
	GlobalSection(SolutionConfigurationPlatforms) = preSolution
		Debug|Any CPU = Debug|Any CPU
		Release|Any CPU = Release|Any CPU
	EndGlobalSection
	GlobalSection(ProjectConfigurationPlatforms) = postSolution
		{CAF1FF58-3990-4065-9FCA-C54C88DE289D}.Debug|Any CPU.ActiveCfg = Debug|Any CPU
		{CAF1FF58-3990-4065-9FCA-C54C88DE289D}.Debug|Any CPU.Build.0 = Debug|Any CPU
		{CAF1FF58-3990-4065-9FCA-C54C88DE289D}.Release|Any CPU.ActiveCfg = Release|Any CPU
		{CAF1FF58-3990-4065-9FCA-C54C88DE289D}.Release|Any CPU.Build.0 = Release|Any CPU
		{4BE62575-B03D-4D7E-B3FB-E00ACC5B77F1}.Debug|Any CPU.ActiveCfg = Debug|Any CPU
		{4BE62575-B03D-4D7E-B3FB-E00ACC5B77F1}.Debug|Any CPU.Build.0 = Debug|Any CPU
		{4BE62575-B03D-4D7E-B3FB-E00ACC5B77F1}.Release|Any CPU.ActiveCfg = Release|Any CPU
		{4BE62575-B03D-4D7E-B3FB-E00ACC5B77F1}.Release|Any CPU.Build.0 = Release|Any CPU
		{04D32AA9-BE05-47D2-92EA-63055953E285}.Debug|Any CPU.ActiveCfg = Debug|Any CPU
		{04D32AA9-BE05-47D2-92EA-63055953E285}.Debug|Any CPU.Build.0 = Debug|Any CPU
		{04D32AA9-BE05-47D2-92EA-63055953E285}.Release|Any CPU.ActiveCfg = Release|Any CPU
		{04D32AA9-BE05-47D2-92EA-63055953E285}.Release|Any CPU.Build.0 = Release|Any CPU
		{807908CF-C57D-47AE-87C4-6BA65FB9412F}.Debug|Any CPU.ActiveCfg = Debug|Any CPU
		{807908CF-C57D-47AE-87C4-6BA65FB9412F}.Debug|Any CPU.Build.0 = Debug|Any CPU
		{807908CF-C57D-47AE-87C4-6BA65FB9412F}.Release|Any CPU.ActiveCfg = Release|Any CPU
		{807908CF-C57D-47AE-87C4-6BA65FB9412F}.Release|Any CPU.Build.0 = Release|Any CPU
	EndGlobalSection
	GlobalSection(SolutionProperties) = preSolution
		HideSolutionNode = FALSE
	EndGlobalSection
	GlobalSection(ExtensibilityGlobals) = postSolution
		SolutionGuid = {7EF4EB56-BA02-47B7-9097-DE78C4C7D50B}
	EndGlobalSection
EndGlobal
