
Microsoft Visual Studio Solution File, Format Version 12.00
# Visual Studio Version 17
VisualStudioVersion = 17.13.35828.75 d17.13
MinimumVisualStudioVersion = 10.0.40219.1
Project("{FAE04EC0-301F-11D3-BF4B-00C04F79EFBC}") = "AddTwoNumbers", "AddTwoNumbers\AddTwoNumbers.csproj", "{1934AD63-F179-4437-83A3-52C7E36F6B05}"
EndProject
Global
	GlobalSection(SolutionConfigurationPlatforms) = preSolution
		Debug|Any CPU = Debug|Any CPU
		Release|Any CPU = Release|Any CPU
	EndGlobalSection
	GlobalSection(ProjectConfigurationPlatforms) = postSolution
		{1934AD63-F179-4437-83A3-52C7E36F6B05}.Debug|Any CPU.ActiveCfg = Debug|Any CPU
		{1934AD63-F179-4437-83A3-52C7E36F6B05}.Debug|Any CPU.Build.0 = Debug|Any CPU
		{1934AD63-F179-4437-83A3-52C7E36F6B05}.Release|Any CPU.ActiveCfg = Release|Any CPU
		{1934AD63-F179-4437-83A3-52C7E36F6B05}.Release|Any CPU.Build.0 = Release|Any CPU
	EndGlobalSection
	GlobalSection(SolutionProperties) = preSolution
		HideSolutionNode = FALSE
	EndGlobalSection
	GlobalSection(ExtensibilityGlobals) = postSolution
		SolutionGuid = {EA8F5907-88A8-4CEB-930F-55831CBDFA14}
	EndGlobalSection
EndGlobal
